// !$*UTF8*$!
{
	archiveVersion = 1;
	classes = {
	};
	objectVersion = 46;
	objects = {

/* Begin PBXBuildFile section */
		7B02FA061C49231A0087B8F0 /* WeddingTableViewController.m in Sources */ = {isa = PBXBuildFile; fileRef = 7B02FA051C49231A0087B8F0 /* WeddingTableViewController.m */; };
		7B02FA091C492B950087B8F0 /* WeddingTableViewCell.m in Sources */ = {isa = PBXBuildFile; fileRef = 7B02FA081C492B950087B8F0 /* WeddingTableViewCell.m */; };
		7B02FA0C1C493C860087B8F0 /* DetailWeddingViewController.m in Sources */ = {isa = PBXBuildFile; fileRef = 7B02FA0B1C493C860087B8F0 /* DetailWeddingViewController.m */; };
		7B02FA111C495E630087B8F0 /* no_photo.jpg in Resources */ = {isa = PBXBuildFile; fileRef = 7B02FA101C495E630087B8F0 /* no_photo.jpg */; };
		7B02FA141C4963750087B8F0 /* Utilities.m in Sources */ = {isa = PBXBuildFile; fileRef = 7B02FA131C4963750087B8F0 /* Utilities.m */; };
		7B02FA171C4965930087B8F0 /* Model.m in Sources */ = {isa = PBXBuildFile; fileRef = 7B02FA161C4965930087B8F0 /* Model.m */; };
		7B02FA1C1C4970700087B8F0 /* wedding4.jpg in Resources */ = {isa = PBXBuildFile; fileRef = 7B02FA181C4970700087B8F0 /* wedding4.jpg */; };
		7B02FA1D1C4970700087B8F0 /* wedding3.jpeg in Resources */ = {isa = PBXBuildFile; fileRef = 7B02FA191C4970700087B8F0 /* wedding3.jpeg */; };
		7B02FA1E1C4970700087B8F0 /* wedding.jpg in Resources */ = {isa = PBXBuildFile; fileRef = 7B02FA1A1C4970700087B8F0 /* wedding.jpg */; };
		7B02FA1F1C4970700087B8F0 /* wedding2.jpeg in Resources */ = {isa = PBXBuildFile; fileRef = 7B02FA1B1C4970700087B8F0 /* wedding2.jpeg */; };
		7B357E381C45330700A452FF /* WeddingSql.m in Sources */ = {isa = PBXBuildFile; fileRef = 7B357E371C45330700A452FF /* WeddingSql.m */; };
		7B357E3B1C45332100A452FF /* GreetingSql.m in Sources */ = {isa = PBXBuildFile; fileRef = 7B357E3A1C45332100A452FF /* GreetingSql.m */; };
		7B357E3E1C45332A00A452FF /* CommentSql.m in Sources */ = {isa = PBXBuildFile; fileRef = 7B357E3D1C45332A00A452FF /* CommentSql.m */; };
		7B357E411C45333900A452FF /* PhotoSql.m in Sources */ = {isa = PBXBuildFile; fileRef = 7B357E401C45333900A452FF /* PhotoSql.m */; };
		7B357E441C45335E00A452FF /* ModelSql.m in Sources */ = {isa = PBXBuildFile; fileRef = 7B357E431C45335E00A452FF /* ModelSql.m */; };
		7B357E4A1C453F6C00A452FF /* LastUpdateSql.m in Sources */ = {isa = PBXBuildFile; fileRef = 7B357E491C453F6C00A452FF /* LastUpdateSql.m */; };
		7B357E4D1C458AE000A452FF /* UserSql.m in Sources */ = {isa = PBXBuildFile; fileRef = 7B357E4C1C458AE000A452FF /* UserSql.m */; };
		7B357E531C46B5B100A452FF /* libsqlite3.tbd in Frameworks */ = {isa = PBXBuildFile; fileRef = 7B357E521C46B5B100A452FF /* libsqlite3.tbd */; };
		7B8F0CDD1C38195E00D29D76 /* AudioToolbox.framework in Frameworks */ = {isa = PBXBuildFile; fileRef = 7B8F0CDC1C38195E00D29D76 /* AudioToolbox.framework */; };
		7B8F0CDF1C38196B00D29D76 /* CFNetwork.framework in Frameworks */ = {isa = PBXBuildFile; fileRef = 7B8F0CDE1C38196B00D29D76 /* CFNetwork.framework */; };
		7B8F0CE11C38197500D29D76 /* CoreGraphics.framework in Frameworks */ = {isa = PBXBuildFile; fileRef = 7B8F0CE01C38197500D29D76 /* CoreGraphics.framework */; };
		7B8F0CE31C38198000D29D76 /* CoreLocation.framework in Frameworks */ = {isa = PBXBuildFile; fileRef = 7B8F0CE21C38198000D29D76 /* CoreLocation.framework */; };
		7B8F0CE51C38198A00D29D76 /* QuartzCore.framework in Frameworks */ = {isa = PBXBuildFile; fileRef = 7B8F0CE41C38198A00D29D76 /* QuartzCore.framework */; };
		7B8F0CE71C38199400D29D76 /* Security.framework in Frameworks */ = {isa = PBXBuildFile; fileRef = 7B8F0CE61C38199400D29D76 /* Security.framework */; };
		7B8F0CE91C38199D00D29D76 /* StoreKit.framework in Frameworks */ = {isa = PBXBuildFile; fileRef = 7B8F0CE81C38199D00D29D76 /* StoreKit.framework */; };
		7B8F0CEB1C3819A400D29D76 /* SystemConfiguration.framework in Frameworks */ = {isa = PBXBuildFile; fileRef = 7B8F0CEA1C3819A400D29D76 /* SystemConfiguration.framework */; };
		7B8F0CF61C381F9800D29D76 /* Wedding.m in Sources */ = {isa = PBXBuildFile; fileRef = 7B8F0CF51C381F9800D29D76 /* Wedding.m */; };
		7B8F0CF91C381FC800D29D76 /* Greeting.m in Sources */ = {isa = PBXBuildFile; fileRef = 7B8F0CF81C381FC800D29D76 /* Greeting.m */; };
		7B8F0CFC1C381FDD00D29D76 /* Photo.m in Sources */ = {isa = PBXBuildFile; fileRef = 7B8F0CFB1C381FDD00D29D76 /* Photo.m */; };
		7B8F0CFF1C381FF200D29D76 /* Comment.m in Sources */ = {isa = PBXBuildFile; fileRef = 7B8F0CFE1C381FF200D29D76 /* Comment.m */; };
		7B8F0D051C38214300D29D76 /* ModelParse.m in Sources */ = {isa = PBXBuildFile; fileRef = 7B8F0D041C38214300D29D76 /* ModelParse.m */; };
		7B8F0D081C3821C000D29D76 /* LoginParse.m in Sources */ = {isa = PBXBuildFile; fileRef = 7B8F0D071C3821C000D29D76 /* LoginParse.m */; };
		7B8F0D0B1C38230900D29D76 /* LoginViewController.m in Sources */ = {isa = PBXBuildFile; fileRef = 7B8F0D0A1C38230900D29D76 /* LoginViewController.m */; };
		7B8F0D111C382A9800D29D76 /* LoginModel.m in Sources */ = {isa = PBXBuildFile; fileRef = 7B8F0D101C382A9800D29D76 /* LoginModel.m */; };
		7B8F0D141C3830AD00D29D76 /* MainViewController.m in Sources */ = {isa = PBXBuildFile; fileRef = 7B8F0D131C3830AD00D29D76 /* MainViewController.m */; };
		7B8F0D171C38394200D29D76 /* WeddingParse.m in Sources */ = {isa = PBXBuildFile; fileRef = 7B8F0D161C38394200D29D76 /* WeddingParse.m */; };
		7B8F0D1A1C38397300D29D76 /* PhotoParse.m in Sources */ = {isa = PBXBuildFile; fileRef = 7B8F0D191C38397300D29D76 /* PhotoParse.m */; };
		7B8F0D1D1C38398700D29D76 /* GreetingParse.m in Sources */ = {isa = PBXBuildFile; fileRef = 7B8F0D1C1C38398700D29D76 /* GreetingParse.m */; };
		7B8F0D201C38399500D29D76 /* CommentParse.m in Sources */ = {isa = PBXBuildFile; fileRef = 7B8F0D1F1C38399500D29D76 /* CommentParse.m */; };
		7B8F0D231C383A4000D29D76 /* WeddingModel.m in Sources */ = {isa = PBXBuildFile; fileRef = 7B8F0D221C383A4000D29D76 /* WeddingModel.m */; };
		7B8F0D261C383A6E00D29D76 /* PhotoModel.m in Sources */ = {isa = PBXBuildFile; fileRef = 7B8F0D251C383A6E00D29D76 /* PhotoModel.m */; };
		7B8F0D291C383A7700D29D76 /* GreetingModel.m in Sources */ = {isa = PBXBuildFile; fileRef = 7B8F0D281C383A7700D29D76 /* GreetingModel.m */; };
		7B8F0D2C1C383A8C00D29D76 /* CommentModel.m in Sources */ = {isa = PBXBuildFile; fileRef = 7B8F0D2B1C383A8C00D29D76 /* CommentModel.m */; };
		7B8F0D2F1C385D2900D29D76 /* User.m in Sources */ = {isa = PBXBuildFile; fileRef = 7B8F0D2E1C385D2900D29D76 /* User.m */; };
		7B8F0D321C3860B800D29D76 /* RegisterViewController.m in Sources */ = {isa = PBXBuildFile; fileRef = 7B8F0D311C3860B800D29D76 /* RegisterViewController.m */; };
		7BE7E1D01C4C3E0D0087A003 /* Bolts.framework in Frameworks */ = {isa = PBXBuildFile; fileRef = 7BE7E1CE1C4C3E0D0087A003 /* Bolts.framework */; };
		7BE7E1D11C4C3E0D0087A003 /* Parse.framework in Frameworks */ = {isa = PBXBuildFile; fileRef = 7BE7E1CF1C4C3E0D0087A003 /* Parse.framework */; };
		7BE7E1E81C4C3E880087A003 /* CommentsTableViewController.m in Sources */ = {isa = PBXBuildFile; fileRef = 7BE7E1D31C4C3E880087A003 /* CommentsTableViewController.m */; };
		7BE7E1E91C4C3E880087A003 /* CommentTableViewCell.m in Sources */ = {isa = PBXBuildFile; fileRef = 7BE7E1D51C4C3E880087A003 /* CommentTableViewCell.m */; };
		7BE7E1EA1C4C3E880087A003 /* CommentViewController.m in Sources */ = {isa = PBXBuildFile; fileRef = 7BE7E1D71C4C3E880087A003 /* CommentViewController.m */; };
		7BE7E1EB1C4C3E880087A003 /* GreetingDetailViewController.m in Sources */ = {isa = PBXBuildFile; fileRef = 7BE7E1D91C4C3E880087A003 /* GreetingDetailViewController.m */; };
		7BE7E1EC1C4C3E880087A003 /* GreetingsTableViewController.m in Sources */ = {isa = PBXBuildFile; fileRef = 7BE7E1DB1C4C3E880087A003 /* GreetingsTableViewController.m */; };
		7BE7E1ED1C4C3E880087A003 /* GreetingTableViewCell.m in Sources */ = {isa = PBXBuildFile; fileRef = 7BE7E1DD1C4C3E880087A003 /* GreetingTableViewCell.m */; };
		7BE7E1EE1C4C3E880087A003 /* GreetingViewController.m in Sources */ = {isa = PBXBuildFile; fileRef = 7BE7E1DF1C4C3E880087A003 /* GreetingViewController.m */; };
		7BE7E1EF1C4C3E880087A003 /* NewPhotoViewController.m in Sources */ = {isa = PBXBuildFile; fileRef = 7BE7E1E11C4C3E880087A003 /* NewPhotoViewController.m */; };
		7BE7E1F01C4C3E880087A003 /* PhotoCollectionViewCell .m in Sources */ = {isa = PBXBuildFile; fileRef = 7BE7E1E21C4C3E880087A003 /* PhotoCollectionViewCell .m */; };
		7BE7E1F11C4C3E880087A003 /* PhotosCollectionViewController.m in Sources */ = {isa = PBXBuildFile; fileRef = 7BE7E1E51C4C3E880087A003 /* PhotosCollectionViewController.m */; };
		7BE7E1F21C4C3E880087A003 /* PhotoViewController.m in Sources */ = {isa = PBXBuildFile; fileRef = 7BE7E1E71C4C3E880087A003 /* PhotoViewController.m */; };
		7BE7E1F91C4C3F770087A003 /* Main2.storyboard in Resources */ = {isa = PBXBuildFile; fileRef = 7BE7E1F81C4C3F770087A003 /* Main2.storyboard */; };
		7BE7E2001C4C4DA50087A003 /* k1.jpg in Resources */ = {isa = PBXBuildFile; fileRef = 7BE7E1FA1C4C4DA50087A003 /* k1.jpg */; };
		7BE7E2011C4C4DA50087A003 /* k2.jpg in Resources */ = {isa = PBXBuildFile; fileRef = 7BE7E1FB1C4C4DA50087A003 /* k2.jpg */; };
		7BE7E2021C4C4DA50087A003 /* r1.jpg in Resources */ = {isa = PBXBuildFile; fileRef = 7BE7E1FC1C4C4DA50087A003 /* r1.jpg */; };
		7BE7E2031C4C4DA50087A003 /* r2.jpeg in Resources */ = {isa = PBXBuildFile; fileRef = 7BE7E1FD1C4C4DA50087A003 /* r2.jpeg */; };
		7BE7E2051C4C4DA50087A003 /* r4.jpeg in Resources */ = {isa = PBXBuildFile; fileRef = 7BE7E1FF1C4C4DA50087A003 /* r4.jpeg */; };
		8403E0551C4D8C9D00209EFB /* UserPhoto.m in Sources */ = {isa = PBXBuildFile; fileRef = 8403E0541C4D8C9D00209EFB /* UserPhoto.m */; };
		8437EC3A1C3B169E001B244F /* ashton.jpeg in Resources */ = {isa = PBXBuildFile; fileRef = 8437EC371C3B169E001B244F /* ashton.jpeg */; };
		845258431C4E3AE9008BAF03 /* Main.storyboard in Resources */ = {isa = PBXBuildFile; fileRef = 845258421C4E3AE9008BAF03 /* Main.storyboard */; };
		845258481C4E9F93008BAF03 /* Background.jpg in Resources */ = {isa = PBXBuildFile; fileRef = 845258471C4E9F93008BAF03 /* Background.jpg */; };
		84C30F7D1C4C6170002F299D /* Bolts.framework in Frameworks */ = {isa = PBXBuildFile; fileRef = 84C30F7B1C4C6170002F299D /* Bolts.framework */; };
		84C30F7E1C4C6170002F299D /* Parse.framework in Frameworks */ = {isa = PBXBuildFile; fileRef = 84C30F7C1C4C6170002F299D /* Parse.framework */; };
		84D507E81C270D020073F025 /* main.m in Sources */ = {isa = PBXBuildFile; fileRef = 84D507E71C270D020073F025 /* main.m */; };
		84D507EB1C270D020073F025 /* AppDelegate.m in Sources */ = {isa = PBXBuildFile; fileRef = 84D507EA1C270D020073F025 /* AppDelegate.m */; };
		84D507EE1C270D020073F025 /* ViewController.m in Sources */ = {isa = PBXBuildFile; fileRef = 84D507ED1C270D020073F025 /* ViewController.m */; };
		84D507F31C270D020073F025 /* Assets.xcassets in Resources */ = {isa = PBXBuildFile; fileRef = 84D507F21C270D020073F025 /* Assets.xcassets */; };
		84D507F61C270D020073F025 /* LaunchScreen.storyboard in Resources */ = {isa = PBXBuildFile; fileRef = 84D507F41C270D020073F025 /* LaunchScreen.storyboard */; };
		84D508011C270D030073F025 /* Wedding4YouTests.m in Sources */ = {isa = PBXBuildFile; fileRef = 84D508001C270D030073F025 /* Wedding4YouTests.m */; };
		84D5080C1C270D030073F025 /* Wedding4YouUITests.m in Sources */ = {isa = PBXBuildFile; fileRef = 84D5080B1C270D030073F025 /* Wedding4YouUITests.m */; };
/* End PBXBuildFile section */

/* Begin PBXContainerItemProxy section */
		84D507FD1C270D030073F025 /* PBXContainerItemProxy */ = {
			isa = PBXContainerItemProxy;
			containerPortal = 84D507DB1C270D020073F025 /* Project object */;
			proxyType = 1;
			remoteGlobalIDString = 84D507E21C270D020073F025;
			remoteInfo = Wedding4You;
		};
		84D508081C270D030073F025 /* PBXContainerItemProxy */ = {
			isa = PBXContainerItemProxy;
			containerPortal = 84D507DB1C270D020073F025 /* Project object */;
			proxyType = 1;
			remoteGlobalIDString = 84D507E21C270D020073F025;
			remoteInfo = Wedding4You;
		};
/* End PBXContainerItemProxy section */

/* Begin PBXFileReference section */
		7B02FA041C49231A0087B8F0 /* WeddingTableViewController.h */ = {isa = PBXFileReference; fileEncoding = 4; lastKnownFileType = sourcecode.c.h; path = WeddingTableViewController.h; sourceTree = "<group>"; };
		7B02FA051C49231A0087B8F0 /* WeddingTableViewController.m */ = {isa = PBXFileReference; fileEncoding = 4; lastKnownFileType = sourcecode.c.objc; path = WeddingTableViewController.m; sourceTree = "<group>"; };
		7B02FA071C492B950087B8F0 /* WeddingTableViewCell.h */ = {isa = PBXFileReference; fileEncoding = 4; lastKnownFileType = sourcecode.c.h; path = WeddingTableViewCell.h; sourceTree = "<group>"; };
		7B02FA081C492B950087B8F0 /* WeddingTableViewCell.m */ = {isa = PBXFileReference; fileEncoding = 4; lastKnownFileType = sourcecode.c.objc; path = WeddingTableViewCell.m; sourceTree = "<group>"; };
		7B02FA0A1C493C860087B8F0 /* DetailWeddingViewController.h */ = {isa = PBXFileReference; fileEncoding = 4; lastKnownFileType = sourcecode.c.h; path = DetailWeddingViewController.h; sourceTree = "<group>"; };
		7B02FA0B1C493C860087B8F0 /* DetailWeddingViewController.m */ = {isa = PBXFileReference; fileEncoding = 4; lastKnownFileType = sourcecode.c.objc; path = DetailWeddingViewController.m; sourceTree = "<group>"; };
		7B02FA101C495E630087B8F0 /* no_photo.jpg */ = {isa = PBXFileReference; lastKnownFileType = image.jpeg; path = no_photo.jpg; sourceTree = "<group>"; };
		7B02FA121C4963750087B8F0 /* Utilities.h */ = {isa = PBXFileReference; fileEncoding = 4; lastKnownFileType = sourcecode.c.h; path = Utilities.h; sourceTree = "<group>"; };
		7B02FA131C4963750087B8F0 /* Utilities.m */ = {isa = PBXFileReference; fileEncoding = 4; lastKnownFileType = sourcecode.c.objc; path = Utilities.m; sourceTree = "<group>"; };
		7B02FA151C4965930087B8F0 /* Model.h */ = {isa = PBXFileReference; fileEncoding = 4; lastKnownFileType = sourcecode.c.h; path = Model.h; sourceTree = "<group>"; };
		7B02FA161C4965930087B8F0 /* Model.m */ = {isa = PBXFileReference; fileEncoding = 4; lastKnownFileType = sourcecode.c.objc; path = Model.m; sourceTree = "<group>"; };
		7B02FA181C4970700087B8F0 /* wedding4.jpg */ = {isa = PBXFileReference; lastKnownFileType = image.jpeg; path = wedding4.jpg; sourceTree = "<group>"; };
		7B02FA191C4970700087B8F0 /* wedding3.jpeg */ = {isa = PBXFileReference; lastKnownFileType = image.jpeg; path = wedding3.jpeg; sourceTree = "<group>"; };
		7B02FA1A1C4970700087B8F0 /* wedding.jpg */ = {isa = PBXFileReference; lastKnownFileType = image.jpeg; path = wedding.jpg; sourceTree = "<group>"; };
		7B02FA1B1C4970700087B8F0 /* wedding2.jpeg */ = {isa = PBXFileReference; lastKnownFileType = image.jpeg; path = wedding2.jpeg; sourceTree = "<group>"; };
		7B357E361C45330700A452FF /* WeddingSql.h */ = {isa = PBXFileReference; fileEncoding = 4; lastKnownFileType = sourcecode.c.h; path = WeddingSql.h; sourceTree = "<group>"; };
		7B357E371C45330700A452FF /* WeddingSql.m */ = {isa = PBXFileReference; fileEncoding = 4; lastKnownFileType = sourcecode.c.objc; path = WeddingSql.m; sourceTree = "<group>"; };
		7B357E391C45332100A452FF /* GreetingSql.h */ = {isa = PBXFileReference; fileEncoding = 4; lastKnownFileType = sourcecode.c.h; path = GreetingSql.h; sourceTree = "<group>"; };
		7B357E3A1C45332100A452FF /* GreetingSql.m */ = {isa = PBXFileReference; fileEncoding = 4; lastKnownFileType = sourcecode.c.objc; path = GreetingSql.m; sourceTree = "<group>"; };
		7B357E3C1C45332A00A452FF /* CommentSql.h */ = {isa = PBXFileReference; fileEncoding = 4; lastKnownFileType = sourcecode.c.h; path = CommentSql.h; sourceTree = "<group>"; };
		7B357E3D1C45332A00A452FF /* CommentSql.m */ = {isa = PBXFileReference; fileEncoding = 4; lastKnownFileType = sourcecode.c.objc; path = CommentSql.m; sourceTree = "<group>"; };
		7B357E3F1C45333900A452FF /* PhotoSql.h */ = {isa = PBXFileReference; fileEncoding = 4; lastKnownFileType = sourcecode.c.h; path = PhotoSql.h; sourceTree = "<group>"; };
		7B357E401C45333900A452FF /* PhotoSql.m */ = {isa = PBXFileReference; fileEncoding = 4; lastKnownFileType = sourcecode.c.objc; path = PhotoSql.m; sourceTree = "<group>"; };
		7B357E421C45335E00A452FF /* ModelSql.h */ = {isa = PBXFileReference; fileEncoding = 4; lastKnownFileType = sourcecode.c.h; path = ModelSql.h; sourceTree = "<group>"; };
		7B357E431C45335E00A452FF /* ModelSql.m */ = {isa = PBXFileReference; fileEncoding = 4; lastKnownFileType = sourcecode.c.objc; path = ModelSql.m; sourceTree = "<group>"; };
		7B357E481C453F6C00A452FF /* LastUpdateSql.h */ = {isa = PBXFileReference; fileEncoding = 4; lastKnownFileType = sourcecode.c.h; path = LastUpdateSql.h; sourceTree = "<group>"; };
		7B357E491C453F6C00A452FF /* LastUpdateSql.m */ = {isa = PBXFileReference; fileEncoding = 4; lastKnownFileType = sourcecode.c.objc; path = LastUpdateSql.m; sourceTree = "<group>"; };
		7B357E4B1C458AE000A452FF /* UserSql.h */ = {isa = PBXFileReference; fileEncoding = 4; lastKnownFileType = sourcecode.c.h; path = UserSql.h; sourceTree = "<group>"; };
		7B357E4C1C458AE000A452FF /* UserSql.m */ = {isa = PBXFileReference; fileEncoding = 4; lastKnownFileType = sourcecode.c.objc; path = UserSql.m; sourceTree = "<group>"; };
		7B357E521C46B5B100A452FF /* libsqlite3.tbd */ = {isa = PBXFileReference; lastKnownFileType = "sourcecode.text-based-dylib-definition"; name = libsqlite3.tbd; path = usr/lib/libsqlite3.tbd; sourceTree = SDKROOT; };
		7B8F0CDC1C38195E00D29D76 /* AudioToolbox.framework */ = {isa = PBXFileReference; lastKnownFileType = wrapper.framework; name = AudioToolbox.framework; path = System/Library/Frameworks/AudioToolbox.framework; sourceTree = SDKROOT; };
		7B8F0CDE1C38196B00D29D76 /* CFNetwork.framework */ = {isa = PBXFileReference; lastKnownFileType = wrapper.framework; name = CFNetwork.framework; path = System/Library/Frameworks/CFNetwork.framework; sourceTree = SDKROOT; };
		7B8F0CE01C38197500D29D76 /* CoreGraphics.framework */ = {isa = PBXFileReference; lastKnownFileType = wrapper.framework; name = CoreGraphics.framework; path = System/Library/Frameworks/CoreGraphics.framework; sourceTree = SDKROOT; };
		7B8F0CE21C38198000D29D76 /* CoreLocation.framework */ = {isa = PBXFileReference; lastKnownFileType = wrapper.framework; name = CoreLocation.framework; path = System/Library/Frameworks/CoreLocation.framework; sourceTree = SDKROOT; };
		7B8F0CE41C38198A00D29D76 /* QuartzCore.framework */ = {isa = PBXFileReference; lastKnownFileType = wrapper.framework; name = QuartzCore.framework; path = System/Library/Frameworks/QuartzCore.framework; sourceTree = SDKROOT; };
		7B8F0CE61C38199400D29D76 /* Security.framework */ = {isa = PBXFileReference; lastKnownFileType = wrapper.framework; name = Security.framework; path = System/Library/Frameworks/Security.framework; sourceTree = SDKROOT; };
		7B8F0CE81C38199D00D29D76 /* StoreKit.framework */ = {isa = PBXFileReference; lastKnownFileType = wrapper.framework; name = StoreKit.framework; path = System/Library/Frameworks/StoreKit.framework; sourceTree = SDKROOT; };
		7B8F0CEA1C3819A400D29D76 /* SystemConfiguration.framework */ = {isa = PBXFileReference; lastKnownFileType = wrapper.framework; name = SystemConfiguration.framework; path = System/Library/Frameworks/SystemConfiguration.framework; sourceTree = SDKROOT; };
		7B8F0CF41C381F9800D29D76 /* Wedding.h */ = {isa = PBXFileReference; fileEncoding = 4; lastKnownFileType = sourcecode.c.h; path = Wedding.h; sourceTree = "<group>"; };
		7B8F0CF51C381F9800D29D76 /* Wedding.m */ = {isa = PBXFileReference; fileEncoding = 4; lastKnownFileType = sourcecode.c.objc; path = Wedding.m; sourceTree = "<group>"; };
		7B8F0CF71C381FC800D29D76 /* Greeting.h */ = {isa = PBXFileReference; fileEncoding = 4; lastKnownFileType = sourcecode.c.h; path = Greeting.h; sourceTree = "<group>"; };
		7B8F0CF81C381FC800D29D76 /* Greeting.m */ = {isa = PBXFileReference; fileEncoding = 4; lastKnownFileType = sourcecode.c.objc; path = Greeting.m; sourceTree = "<group>"; };
		7B8F0CFA1C381FDD00D29D76 /* Photo.h */ = {isa = PBXFileReference; fileEncoding = 4; lastKnownFileType = sourcecode.c.h; path = Photo.h; sourceTree = "<group>"; };
		7B8F0CFB1C381FDD00D29D76 /* Photo.m */ = {isa = PBXFileReference; fileEncoding = 4; lastKnownFileType = sourcecode.c.objc; path = Photo.m; sourceTree = "<group>"; };
		7B8F0CFD1C381FF200D29D76 /* Comment.h */ = {isa = PBXFileReference; fileEncoding = 4; lastKnownFileType = sourcecode.c.h; path = Comment.h; sourceTree = "<group>"; };
		7B8F0CFE1C381FF200D29D76 /* Comment.m */ = {isa = PBXFileReference; fileEncoding = 4; lastKnownFileType = sourcecode.c.objc; path = Comment.m; sourceTree = "<group>"; };
		7B8F0D031C38214300D29D76 /* ModelParse.h */ = {isa = PBXFileReference; fileEncoding = 4; lastKnownFileType = sourcecode.c.h; path = ModelParse.h; sourceTree = "<group>"; };
		7B8F0D041C38214300D29D76 /* ModelParse.m */ = {isa = PBXFileReference; fileEncoding = 4; lastKnownFileType = sourcecode.c.objc; path = ModelParse.m; sourceTree = "<group>"; };
		7B8F0D061C3821C000D29D76 /* LoginParse.h */ = {isa = PBXFileReference; fileEncoding = 4; lastKnownFileType = sourcecode.c.h; path = LoginParse.h; sourceTree = "<group>"; };
		7B8F0D071C3821C000D29D76 /* LoginParse.m */ = {isa = PBXFileReference; fileEncoding = 4; lastKnownFileType = sourcecode.c.objc; path = LoginParse.m; sourceTree = "<group>"; };
		7B8F0D091C38230900D29D76 /* LoginViewController.h */ = {isa = PBXFileReference; fileEncoding = 4; lastKnownFileType = sourcecode.c.h; path = LoginViewController.h; sourceTree = "<group>"; };
		7B8F0D0A1C38230900D29D76 /* LoginViewController.m */ = {isa = PBXFileReference; fileEncoding = 4; lastKnownFileType = sourcecode.c.objc; path = LoginViewController.m; sourceTree = "<group>"; };
		7B8F0D0F1C382A9800D29D76 /* LoginModel.h */ = {isa = PBXFileReference; fileEncoding = 4; lastKnownFileType = sourcecode.c.h; path = LoginModel.h; sourceTree = "<group>"; };
		7B8F0D101C382A9800D29D76 /* LoginModel.m */ = {isa = PBXFileReference; fileEncoding = 4; lastKnownFileType = sourcecode.c.objc; path = LoginModel.m; sourceTree = "<group>"; };
		7B8F0D121C3830AD00D29D76 /* MainViewController.h */ = {isa = PBXFileReference; fileEncoding = 4; lastKnownFileType = sourcecode.c.h; path = MainViewController.h; sourceTree = "<group>"; };
		7B8F0D131C3830AD00D29D76 /* MainViewController.m */ = {isa = PBXFileReference; fileEncoding = 4; lastKnownFileType = sourcecode.c.objc; path = MainViewController.m; sourceTree = "<group>"; };
		7B8F0D151C38394200D29D76 /* WeddingParse.h */ = {isa = PBXFileReference; fileEncoding = 4; lastKnownFileType = sourcecode.c.h; path = WeddingParse.h; sourceTree = "<group>"; };
		7B8F0D161C38394200D29D76 /* WeddingParse.m */ = {isa = PBXFileReference; fileEncoding = 4; lastKnownFileType = sourcecode.c.objc; path = WeddingParse.m; sourceTree = "<group>"; };
		7B8F0D181C38397300D29D76 /* PhotoParse.h */ = {isa = PBXFileReference; fileEncoding = 4; lastKnownFileType = sourcecode.c.h; path = PhotoParse.h; sourceTree = "<group>"; };
		7B8F0D191C38397300D29D76 /* PhotoParse.m */ = {isa = PBXFileReference; fileEncoding = 4; lastKnownFileType = sourcecode.c.objc; path = PhotoParse.m; sourceTree = "<group>"; };
		7B8F0D1B1C38398700D29D76 /* GreetingParse.h */ = {isa = PBXFileReference; fileEncoding = 4; lastKnownFileType = sourcecode.c.h; path = GreetingParse.h; sourceTree = "<group>"; };
		7B8F0D1C1C38398700D29D76 /* GreetingParse.m */ = {isa = PBXFileReference; fileEncoding = 4; lastKnownFileType = sourcecode.c.objc; path = GreetingParse.m; sourceTree = "<group>"; };
		7B8F0D1E1C38399500D29D76 /* CommentParse.h */ = {isa = PBXFileReference; fileEncoding = 4; lastKnownFileType = sourcecode.c.h; path = CommentParse.h; sourceTree = "<group>"; };
		7B8F0D1F1C38399500D29D76 /* CommentParse.m */ = {isa = PBXFileReference; fileEncoding = 4; lastKnownFileType = sourcecode.c.objc; path = CommentParse.m; sourceTree = "<group>"; };
		7B8F0D211C383A4000D29D76 /* WeddingModel.h */ = {isa = PBXFileReference; fileEncoding = 4; lastKnownFileType = sourcecode.c.h; path = WeddingModel.h; sourceTree = "<group>"; };
		7B8F0D221C383A4000D29D76 /* WeddingModel.m */ = {isa = PBXFileReference; fileEncoding = 4; lastKnownFileType = sourcecode.c.objc; path = WeddingModel.m; sourceTree = "<group>"; };
		7B8F0D241C383A6E00D29D76 /* PhotoModel.h */ = {isa = PBXFileReference; fileEncoding = 4; lastKnownFileType = sourcecode.c.h; path = PhotoModel.h; sourceTree = "<group>"; };
		7B8F0D251C383A6E00D29D76 /* PhotoModel.m */ = {isa = PBXFileReference; fileEncoding = 4; lastKnownFileType = sourcecode.c.objc; path = PhotoModel.m; sourceTree = "<group>"; };
		7B8F0D271C383A7700D29D76 /* GreetingModel.h */ = {isa = PBXFileReference; fileEncoding = 4; lastKnownFileType = sourcecode.c.h; path = GreetingModel.h; sourceTree = "<group>"; };
		7B8F0D281C383A7700D29D76 /* GreetingModel.m */ = {isa = PBXFileReference; fileEncoding = 4; lastKnownFileType = sourcecode.c.objc; path = GreetingModel.m; sourceTree = "<group>"; };
		7B8F0D2A1C383A8C00D29D76 /* CommentModel.h */ = {isa = PBXFileReference; fileEncoding = 4; lastKnownFileType = sourcecode.c.h; path = CommentModel.h; sourceTree = "<group>"; };
		7B8F0D2B1C383A8C00D29D76 /* CommentModel.m */ = {isa = PBXFileReference; fileEncoding = 4; lastKnownFileType = sourcecode.c.objc; path = CommentModel.m; sourceTree = "<group>"; };
		7B8F0D2D1C385D2900D29D76 /* User.h */ = {isa = PBXFileReference; fileEncoding = 4; lastKnownFileType = sourcecode.c.h; path = User.h; sourceTree = "<group>"; };
		7B8F0D2E1C385D2900D29D76 /* User.m */ = {isa = PBXFileReference; fileEncoding = 4; lastKnownFileType = sourcecode.c.objc; path = User.m; sourceTree = "<group>"; };
		7B8F0D301C3860B800D29D76 /* RegisterViewController.h */ = {isa = PBXFileReference; fileEncoding = 4; lastKnownFileType = sourcecode.c.h; path = RegisterViewController.h; sourceTree = "<group>"; };
		7B8F0D311C3860B800D29D76 /* RegisterViewController.m */ = {isa = PBXFileReference; fileEncoding = 4; lastKnownFileType = sourcecode.c.objc; path = RegisterViewController.m; sourceTree = "<group>"; };
		7BE7E1CE1C4C3E0D0087A003 /* Bolts.framework */ = {isa = PBXFileReference; lastKnownFileType = wrapper.framework; path = Bolts.framework; sourceTree = "<group>"; };
		7BE7E1CF1C4C3E0D0087A003 /* Parse.framework */ = {isa = PBXFileReference; lastKnownFileType = wrapper.framework; path = Parse.framework; sourceTree = "<group>"; };
		7BE7E1D21C4C3E880087A003 /* CommentsTableViewController.h */ = {isa = PBXFileReference; fileEncoding = 4; lastKnownFileType = sourcecode.c.h; path = CommentsTableViewController.h; sourceTree = "<group>"; };
		7BE7E1D31C4C3E880087A003 /* CommentsTableViewController.m */ = {isa = PBXFileReference; fileEncoding = 4; lastKnownFileType = sourcecode.c.objc; path = CommentsTableViewController.m; sourceTree = "<group>"; };
		7BE7E1D41C4C3E880087A003 /* CommentTableViewCell.h */ = {isa = PBXFileReference; fileEncoding = 4; lastKnownFileType = sourcecode.c.h; path = CommentTableViewCell.h; sourceTree = "<group>"; };
		7BE7E1D51C4C3E880087A003 /* CommentTableViewCell.m */ = {isa = PBXFileReference; fileEncoding = 4; lastKnownFileType = sourcecode.c.objc; path = CommentTableViewCell.m; sourceTree = "<group>"; };
		7BE7E1D61C4C3E880087A003 /* CommentViewController.h */ = {isa = PBXFileReference; fileEncoding = 4; lastKnownFileType = sourcecode.c.h; path = CommentViewController.h; sourceTree = "<group>"; };
		7BE7E1D71C4C3E880087A003 /* CommentViewController.m */ = {isa = PBXFileReference; fileEncoding = 4; lastKnownFileType = sourcecode.c.objc; path = CommentViewController.m; sourceTree = "<group>"; };
		7BE7E1D81C4C3E880087A003 /* GreetingDetailViewController.h */ = {isa = PBXFileReference; fileEncoding = 4; lastKnownFileType = sourcecode.c.h; path = GreetingDetailViewController.h; sourceTree = "<group>"; };
		7BE7E1D91C4C3E880087A003 /* GreetingDetailViewController.m */ = {isa = PBXFileReference; fileEncoding = 4; lastKnownFileType = sourcecode.c.objc; path = GreetingDetailViewController.m; sourceTree = "<group>"; };
		7BE7E1DA1C4C3E880087A003 /* GreetingsTableViewController.h */ = {isa = PBXFileReference; fileEncoding = 4; lastKnownFileType = sourcecode.c.h; path = GreetingsTableViewController.h; sourceTree = "<group>"; };
		7BE7E1DB1C4C3E880087A003 /* GreetingsTableViewController.m */ = {isa = PBXFileReference; fileEncoding = 4; lastKnownFileType = sourcecode.c.objc; path = GreetingsTableViewController.m; sourceTree = "<group>"; };
		7BE7E1DC1C4C3E880087A003 /* GreetingTableViewCell.h */ = {isa = PBXFileReference; fileEncoding = 4; lastKnownFileType = sourcecode.c.h; path = GreetingTableViewCell.h; sourceTree = "<group>"; };
		7BE7E1DD1C4C3E880087A003 /* GreetingTableViewCell.m */ = {isa = PBXFileReference; fileEncoding = 4; lastKnownFileType = sourcecode.c.objc; path = GreetingTableViewCell.m; sourceTree = "<group>"; };
		7BE7E1DE1C4C3E880087A003 /* GreetingViewController.h */ = {isa = PBXFileReference; fileEncoding = 4; lastKnownFileType = sourcecode.c.h; path = GreetingViewController.h; sourceTree = "<group>"; };
		7BE7E1DF1C4C3E880087A003 /* GreetingViewController.m */ = {isa = PBXFileReference; fileEncoding = 4; lastKnownFileType = sourcecode.c.objc; path = GreetingViewController.m; sourceTree = "<group>"; };
		7BE7E1E01C4C3E880087A003 /* NewPhotoViewController.h */ = {isa = PBXFileReference; fileEncoding = 4; lastKnownFileType = sourcecode.c.h; path = NewPhotoViewController.h; sourceTree = "<group>"; };
		7BE7E1E11C4C3E880087A003 /* NewPhotoViewController.m */ = {isa = PBXFileReference; fileEncoding = 4; lastKnownFileType = sourcecode.c.objc; path = NewPhotoViewController.m; sourceTree = "<group>"; };
		7BE7E1E21C4C3E880087A003 /* PhotoCollectionViewCell .m */ = {isa = PBXFileReference; fileEncoding = 4; lastKnownFileType = sourcecode.c.objc; path = "PhotoCollectionViewCell .m"; sourceTree = "<group>"; };
		7BE7E1E31C4C3E880087A003 /* PhotoCollectionViewCell.h */ = {isa = PBXFileReference; fileEncoding = 4; lastKnownFileType = sourcecode.c.h; path = PhotoCollectionViewCell.h; sourceTree = "<group>"; };
		7BE7E1E41C4C3E880087A003 /* PhotosCollectionViewController.h */ = {isa = PBXFileReference; fileEncoding = 4; lastKnownFileType = sourcecode.c.h; path = PhotosCollectionViewController.h; sourceTree = "<group>"; };
		7BE7E1E51C4C3E880087A003 /* PhotosCollectionViewController.m */ = {isa = PBXFileReference; fileEncoding = 4; lastKnownFileType = sourcecode.c.objc; path = PhotosCollectionViewController.m; sourceTree = "<group>"; };
		7BE7E1E61C4C3E880087A003 /* PhotoViewController.h */ = {isa = PBXFileReference; fileEncoding = 4; lastKnownFileType = sourcecode.c.h; path = PhotoViewController.h; sourceTree = "<group>"; };
		7BE7E1E71C4C3E880087A003 /* PhotoViewController.m */ = {isa = PBXFileReference; fileEncoding = 4; lastKnownFileType = sourcecode.c.objc; path = PhotoViewController.m; sourceTree = "<group>"; };
		7BE7E1F81C4C3F770087A003 /* Main2.storyboard */ = {isa = PBXFileReference; fileEncoding = 4; lastKnownFileType = file.storyboard; path = Main2.storyboard; sourceTree = "<group>"; };
		7BE7E1FA1C4C4DA50087A003 /* k1.jpg */ = {isa = PBXFileReference; lastKnownFileType = image.jpeg; path = k1.jpg; sourceTree = "<group>"; };
		7BE7E1FB1C4C4DA50087A003 /* k2.jpg */ = {isa = PBXFileReference; lastKnownFileType = image.jpeg; path = k2.jpg; sourceTree = "<group>"; };
		7BE7E1FC1C4C4DA50087A003 /* r1.jpg */ = {isa = PBXFileReference; lastKnownFileType = image.jpeg; path = r1.jpg; sourceTree = "<group>"; };
		7BE7E1FD1C4C4DA50087A003 /* r2.jpeg */ = {isa = PBXFileReference; lastKnownFileType = image.jpeg; path = r2.jpeg; sourceTree = "<group>"; };
		7BE7E1FF1C4C4DA50087A003 /* r4.jpeg */ = {isa = PBXFileReference; lastKnownFileType = image.jpeg; path = r4.jpeg; sourceTree = "<group>"; };
		8403E0531C4D8C9D00209EFB /* UserPhoto.h */ = {isa = PBXFileReference; fileEncoding = 4; lastKnownFileType = sourcecode.c.h; path = UserPhoto.h; sourceTree = "<group>"; };
		8403E0541C4D8C9D00209EFB /* UserPhoto.m */ = {isa = PBXFileReference; fileEncoding = 4; lastKnownFileType = sourcecode.c.objc; path = UserPhoto.m; sourceTree = "<group>"; };
		8437EC371C3B169E001B244F /* ashton.jpeg */ = {isa = PBXFileReference; lastKnownFileType = image.jpeg; name = ashton.jpeg; path = ../ashton.jpeg; sourceTree = "<group>"; };
		845258421C4E3AE9008BAF03 /* Main.storyboard */ = {isa = PBXFileReference; fileEncoding = 4; lastKnownFileType = file.storyboard; path = Main.storyboard; sourceTree = "<group>"; };
		845258471C4E9F93008BAF03 /* Background.jpg */ = {isa = PBXFileReference; lastKnownFileType = image.jpeg; path = Background.jpg; sourceTree = "<group>"; };
		84C30F7B1C4C6170002F299D /* Bolts.framework */ = {isa = PBXFileReference; lastKnownFileType = wrapper.framework; path = Bolts.framework; sourceTree = "<group>"; };
		84C30F7C1C4C6170002F299D /* Parse.framework */ = {isa = PBXFileReference; lastKnownFileType = wrapper.framework; path = Parse.framework; sourceTree = "<group>"; };
		84D507E31C270D020073F025 /* Wedding4You.app */ = {isa = PBXFileReference; explicitFileType = wrapper.application; includeInIndex = 0; path = Wedding4You.app; sourceTree = BUILT_PRODUCTS_DIR; };
		84D507E71C270D020073F025 /* main.m */ = {isa = PBXFileReference; lastKnownFileType = sourcecode.c.objc; path = main.m; sourceTree = "<group>"; };
		84D507E91C270D020073F025 /* AppDelegate.h */ = {isa = PBXFileReference; lastKnownFileType = sourcecode.c.h; path = AppDelegate.h; sourceTree = "<group>"; };
		84D507EA1C270D020073F025 /* AppDelegate.m */ = {isa = PBXFileReference; lastKnownFileType = sourcecode.c.objc; path = AppDelegate.m; sourceTree = "<group>"; };
		84D507EC1C270D020073F025 /* ViewController.h */ = {isa = PBXFileReference; lastKnownFileType = sourcecode.c.h; path = ViewController.h; sourceTree = "<group>"; };
		84D507ED1C270D020073F025 /* ViewController.m */ = {isa = PBXFileReference; lastKnownFileType = sourcecode.c.objc; path = ViewController.m; sourceTree = "<group>"; };
		84D507F21C270D020073F025 /* Assets.xcassets */ = {isa = PBXFileReference; lastKnownFileType = folder.assetcatalog; path = Assets.xcassets; sourceTree = "<group>"; };
		84D507F51C270D020073F025 /* Base */ = {isa = PBXFileReference; lastKnownFileType = file.storyboard; name = Base; path = Base.lproj/LaunchScreen.storyboard; sourceTree = "<group>"; };
		84D507F71C270D020073F025 /* Info.plist */ = {isa = PBXFileReference; lastKnownFileType = text.plist.xml; path = Info.plist; sourceTree = "<group>"; };
		84D507FC1C270D030073F025 /* Wedding4YouTests.xctest */ = {isa = PBXFileReference; explicitFileType = wrapper.cfbundle; includeInIndex = 0; path = Wedding4YouTests.xctest; sourceTree = BUILT_PRODUCTS_DIR; };
		84D508001C270D030073F025 /* Wedding4YouTests.m */ = {isa = PBXFileReference; lastKnownFileType = sourcecode.c.objc; path = Wedding4YouTests.m; sourceTree = "<group>"; };
		84D508021C270D030073F025 /* Info.plist */ = {isa = PBXFileReference; lastKnownFileType = text.plist.xml; path = Info.plist; sourceTree = "<group>"; };
		84D508071C270D030073F025 /* Wedding4YouUITests.xctest */ = {isa = PBXFileReference; explicitFileType = wrapper.cfbundle; includeInIndex = 0; path = Wedding4YouUITests.xctest; sourceTree = BUILT_PRODUCTS_DIR; };
		84D5080B1C270D030073F025 /* Wedding4YouUITests.m */ = {isa = PBXFileReference; lastKnownFileType = sourcecode.c.objc; path = Wedding4YouUITests.m; sourceTree = "<group>"; };
		84D5080D1C270D030073F025 /* Info.plist */ = {isa = PBXFileReference; lastKnownFileType = text.plist.xml; path = Info.plist; sourceTree = "<group>"; };
/* End PBXFileReference section */

/* Begin PBXFrameworksBuildPhase section */
		84D507E01C270D020073F025 /* Frameworks */ = {
			isa = PBXFrameworksBuildPhase;
			buildActionMask = 2147483647;
			files = (
				7B357E531C46B5B100A452FF /* libsqlite3.tbd in Frameworks */,
				7B8F0CEB1C3819A400D29D76 /* SystemConfiguration.framework in Frameworks */,
				7B8F0CE91C38199D00D29D76 /* StoreKit.framework in Frameworks */,
				84C30F7D1C4C6170002F299D /* Bolts.framework in Frameworks */,
				7B8F0CE71C38199400D29D76 /* Security.framework in Frameworks */,
				7B8F0CE51C38198A00D29D76 /* QuartzCore.framework in Frameworks */,
				84C30F7E1C4C6170002F299D /* Parse.framework in Frameworks */,
				7BE7E1D01C4C3E0D0087A003 /* Bolts.framework in Frameworks */,
				7BE7E1D11C4C3E0D0087A003 /* Parse.framework in Frameworks */,
				7B8F0CE31C38198000D29D76 /* CoreLocation.framework in Frameworks */,
				7B8F0CE11C38197500D29D76 /* CoreGraphics.framework in Frameworks */,
				7B8F0CDF1C38196B00D29D76 /* CFNetwork.framework in Frameworks */,
				7B8F0CDD1C38195E00D29D76 /* AudioToolbox.framework in Frameworks */,
			);
			runOnlyForDeploymentPostprocessing = 0;
		};
		84D507F91C270D030073F025 /* Frameworks */ = {
			isa = PBXFrameworksBuildPhase;
			buildActionMask = 2147483647;
			files = (
			);
			runOnlyForDeploymentPostprocessing = 0;
		};
		84D508041C270D030073F025 /* Frameworks */ = {
			isa = PBXFrameworksBuildPhase;
			buildActionMask = 2147483647;
			files = (
			);
			runOnlyForDeploymentPostprocessing = 0;
		};
/* End PBXFrameworksBuildPhase section */

/* Begin PBXGroup section */
		7B357E311C3B111600A452FF /* images */ = {
			isa = PBXGroup;
			children = (
				845258471C4E9F93008BAF03 /* Background.jpg */,
				7BE7E1FA1C4C4DA50087A003 /* k1.jpg */,
				7BE7E1FB1C4C4DA50087A003 /* k2.jpg */,
				7BE7E1FC1C4C4DA50087A003 /* r1.jpg */,
				7BE7E1FD1C4C4DA50087A003 /* r2.jpeg */,
				7BE7E1FF1C4C4DA50087A003 /* r4.jpeg */,
				7B02FA181C4970700087B8F0 /* wedding4.jpg */,
				7B02FA191C4970700087B8F0 /* wedding3.jpeg */,
				7B02FA1A1C4970700087B8F0 /* wedding.jpg */,
				7B02FA1B1C4970700087B8F0 /* wedding2.jpeg */,
				7B02FA101C495E630087B8F0 /* no_photo.jpg */,
				8437EC371C3B169E001B244F /* ashton.jpeg */,
			);
			name = images;
			sourceTree = "<group>";
		};
		7B8F0CF11C381A4F00D29D76 /* Frameworks */ = {
			isa = PBXGroup;
			children = (
				7B357E521C46B5B100A452FF /* libsqlite3.tbd */,
				84C30F7B1C4C6170002F299D /* Bolts.framework */,
				84C30F7C1C4C6170002F299D /* Parse.framework */,
				7BE7E1CE1C4C3E0D0087A003 /* Bolts.framework */,
				7BE7E1CF1C4C3E0D0087A003 /* Parse.framework */,
				7B8F0CEA1C3819A400D29D76 /* SystemConfiguration.framework */,
				7B8F0CE81C38199D00D29D76 /* StoreKit.framework */,
				7B8F0CE61C38199400D29D76 /* Security.framework */,
				7B8F0CE41C38198A00D29D76 /* QuartzCore.framework */,
				7B8F0CE21C38198000D29D76 /* CoreLocation.framework */,
				7B8F0CE01C38197500D29D76 /* CoreGraphics.framework */,
				7B8F0CDE1C38196B00D29D76 /* CFNetwork.framework */,
				7B8F0CDC1C38195E00D29D76 /* AudioToolbox.framework */,
			);
			name = Frameworks;
			sourceTree = "<group>";
		};
		7B8F0CF21C381A7000D29D76 /* Model */ = {
			isa = PBXGroup;
			children = (
				7B8F0D021C38207200D29D76 /* ParseMethods */,
				7B8F0D011C38206800D29D76 /* SQLMethods */,
				7B8F0D001C38200300D29D76 /* Methods */,
				7B8F0CF31C381F2700D29D76 /* Models */,
			);
			name = Model;
			sourceTree = "<group>";
		};
		7B8F0CF31C381F2700D29D76 /* Models */ = {
			isa = PBXGroup;
			children = (
				7B8F0CF41C381F9800D29D76 /* Wedding.h */,
				7B8F0CF51C381F9800D29D76 /* Wedding.m */,
				7B8F0CF71C381FC800D29D76 /* Greeting.h */,
				7B8F0CF81C381FC800D29D76 /* Greeting.m */,
				7B8F0CFA1C381FDD00D29D76 /* Photo.h */,
				7B8F0CFB1C381FDD00D29D76 /* Photo.m */,
				7B8F0CFD1C381FF200D29D76 /* Comment.h */,
				7B8F0CFE1C381FF200D29D76 /* Comment.m */,
				7B8F0D2D1C385D2900D29D76 /* User.h */,
				7B8F0D2E1C385D2900D29D76 /* User.m */,
			);
			name = Models;
			sourceTree = "<group>";
		};
		7B8F0D001C38200300D29D76 /* Methods */ = {
			isa = PBXGroup;
			children = (
				7B8F0D0F1C382A9800D29D76 /* LoginModel.h */,
				7B8F0D101C382A9800D29D76 /* LoginModel.m */,
				7B8F0D211C383A4000D29D76 /* WeddingModel.h */,
				7B8F0D221C383A4000D29D76 /* WeddingModel.m */,
				7B8F0D241C383A6E00D29D76 /* PhotoModel.h */,
				7B8F0D251C383A6E00D29D76 /* PhotoModel.m */,
				7B8F0D271C383A7700D29D76 /* GreetingModel.h */,
				7B8F0D281C383A7700D29D76 /* GreetingModel.m */,
				7B8F0D2A1C383A8C00D29D76 /* CommentModel.h */,
				7B8F0D2B1C383A8C00D29D76 /* CommentModel.m */,
				7B02FA151C4965930087B8F0 /* Model.h */,
				7B02FA161C4965930087B8F0 /* Model.m */,
			);
			name = Methods;
			sourceTree = "<group>";
		};
		7B8F0D011C38206800D29D76 /* SQLMethods */ = {
			isa = PBXGroup;
			children = (
				7B357E361C45330700A452FF /* WeddingSql.h */,
				7B357E371C45330700A452FF /* WeddingSql.m */,
				7B357E391C45332100A452FF /* GreetingSql.h */,
				7B357E3A1C45332100A452FF /* GreetingSql.m */,
				7B357E3C1C45332A00A452FF /* CommentSql.h */,
				7B357E3D1C45332A00A452FF /* CommentSql.m */,
				7B357E3F1C45333900A452FF /* PhotoSql.h */,
				7B357E401C45333900A452FF /* PhotoSql.m */,
				7B357E421C45335E00A452FF /* ModelSql.h */,
				7B357E431C45335E00A452FF /* ModelSql.m */,
				7B357E481C453F6C00A452FF /* LastUpdateSql.h */,
				7B357E491C453F6C00A452FF /* LastUpdateSql.m */,
				7B357E4B1C458AE000A452FF /* UserSql.h */,
				7B357E4C1C458AE000A452FF /* UserSql.m */,
			);
			name = SQLMethods;
			sourceTree = "<group>";
		};
		7B8F0D021C38207200D29D76 /* ParseMethods */ = {
			isa = PBXGroup;
			children = (
				7B8F0D031C38214300D29D76 /* ModelParse.h */,
				7B8F0D041C38214300D29D76 /* ModelParse.m */,
				7B8F0D061C3821C000D29D76 /* LoginParse.h */,
				7B8F0D071C3821C000D29D76 /* LoginParse.m */,
				7B8F0D151C38394200D29D76 /* WeddingParse.h */,
				7B8F0D161C38394200D29D76 /* WeddingParse.m */,
				7B8F0D181C38397300D29D76 /* PhotoParse.h */,
				7B8F0D191C38397300D29D76 /* PhotoParse.m */,
				7B8F0D1B1C38398700D29D76 /* GreetingParse.h */,
				7B8F0D1C1C38398700D29D76 /* GreetingParse.m */,
				7B8F0D1E1C38399500D29D76 /* CommentParse.h */,
				7B8F0D1F1C38399500D29D76 /* CommentParse.m */,
			);
			name = ParseMethods;
			sourceTree = "<group>";
		};
		84D507DA1C270D020073F025 = {
			isa = PBXGroup;
			children = (
				7B8F0CF11C381A4F00D29D76 /* Frameworks */,
				84D507E51C270D020073F025 /* Wedding4You */,
				84D507FF1C270D030073F025 /* Wedding4YouTests */,
				84D5080A1C270D030073F025 /* Wedding4YouUITests */,
				84D507E41C270D020073F025 /* Products */,
			);
			sourceTree = "<group>";
		};
		84D507E41C270D020073F025 /* Products */ = {
			isa = PBXGroup;
			children = (
				84D507E31C270D020073F025 /* Wedding4You.app */,
				84D507FC1C270D030073F025 /* Wedding4YouTests.xctest */,
				84D508071C270D030073F025 /* Wedding4YouUITests.xctest */,
			);
			name = Products;
			sourceTree = "<group>";
		};
		84D507E51C270D020073F025 /* Wedding4You */ = {
			isa = PBXGroup;
			children = (
				845258421C4E3AE9008BAF03 /* Main.storyboard */,
				8403E0531C4D8C9D00209EFB /* UserPhoto.h */,
				8403E0541C4D8C9D00209EFB /* UserPhoto.m */,
				7B357E311C3B111600A452FF /* images */,
				7B8F0CF21C381A7000D29D76 /* Model */,
				84D507E91C270D020073F025 /* AppDelegate.h */,
				84D507EA1C270D020073F025 /* AppDelegate.m */,
				84D507EC1C270D020073F025 /* ViewController.h */,
				84D507ED1C270D020073F025 /* ViewController.m */,
				84D507F21C270D020073F025 /* Assets.xcassets */,
				84D507F41C270D020073F025 /* LaunchScreen.storyboard */,
				7BE7E1F81C4C3F770087A003 /* Main2.storyboard */,
				84D507F71C270D020073F025 /* Info.plist */,
				7B02FA121C4963750087B8F0 /* Utilities.h */,
				7B02FA131C4963750087B8F0 /* Utilities.m */,
				84D507E61C270D020073F025 /* Supporting Files */,
				7B8F0D091C38230900D29D76 /* LoginViewController.h */,
				7BE7E1D21C4C3E880087A003 /* CommentsTableViewController.h */,
				7BE7E1D31C4C3E880087A003 /* CommentsTableViewController.m */,
				7BE7E1D41C4C3E880087A003 /* CommentTableViewCell.h */,
				7BE7E1D51C4C3E880087A003 /* CommentTableViewCell.m */,
				7BE7E1D61C4C3E880087A003 /* CommentViewController.h */,
				7BE7E1D71C4C3E880087A003 /* CommentViewController.m */,
				7BE7E1D81C4C3E880087A003 /* GreetingDetailViewController.h */,
				7BE7E1D91C4C3E880087A003 /* GreetingDetailViewController.m */,
				7BE7E1DA1C4C3E880087A003 /* GreetingsTableViewController.h */,
				7BE7E1DB1C4C3E880087A003 /* GreetingsTableViewController.m */,
				7BE7E1DC1C4C3E880087A003 /* GreetingTableViewCell.h */,
				7BE7E1DD1C4C3E880087A003 /* GreetingTableViewCell.m */,
				7BE7E1DE1C4C3E880087A003 /* GreetingViewController.h */,
				7BE7E1DF1C4C3E880087A003 /* GreetingViewController.m */,
				7BE7E1E01C4C3E880087A003 /* NewPhotoViewController.h */,
				7BE7E1E11C4C3E880087A003 /* NewPhotoViewController.m */,
				7BE7E1E21C4C3E880087A003 /* PhotoCollectionViewCell .m */,
				7BE7E1E31C4C3E880087A003 /* PhotoCollectionViewCell.h */,
				7BE7E1E41C4C3E880087A003 /* PhotosCollectionViewController.h */,
				7BE7E1E51C4C3E880087A003 /* PhotosCollectionViewController.m */,
				7BE7E1E61C4C3E880087A003 /* PhotoViewController.h */,
				7BE7E1E71C4C3E880087A003 /* PhotoViewController.m */,
				7B8F0D0A1C38230900D29D76 /* LoginViewController.m */,
				7B8F0D121C3830AD00D29D76 /* MainViewController.h */,
				7B8F0D131C3830AD00D29D76 /* MainViewController.m */,
				7B8F0D301C3860B800D29D76 /* RegisterViewController.h */,
				7B8F0D311C3860B800D29D76 /* RegisterViewController.m */,
				7B02FA041C49231A0087B8F0 /* WeddingTableViewController.h */,
				7B02FA051C49231A0087B8F0 /* WeddingTableViewController.m */,
				7B02FA071C492B950087B8F0 /* WeddingTableViewCell.h */,
				7B02FA081C492B950087B8F0 /* WeddingTableViewCell.m */,
				7B02FA0A1C493C860087B8F0 /* DetailWeddingViewController.h */,
				7B02FA0B1C493C860087B8F0 /* DetailWeddingViewController.m */,
			);
			path = Wedding4You;
			sourceTree = "<group>";
		};
		84D507E61C270D020073F025 /* Supporting Files */ = {
			isa = PBXGroup;
			children = (
				84D507E71C270D020073F025 /* main.m */,
			);
			name = "Supporting Files";
			sourceTree = "<group>";
		};
		84D507FF1C270D030073F025 /* Wedding4YouTests */ = {
			isa = PBXGroup;
			children = (
				84D508001C270D030073F025 /* Wedding4YouTests.m */,
				84D508021C270D030073F025 /* Info.plist */,
			);
			path = Wedding4YouTests;
			sourceTree = "<group>";
		};
		84D5080A1C270D030073F025 /* Wedding4YouUITests */ = {
			isa = PBXGroup;
			children = (
				84D5080B1C270D030073F025 /* Wedding4YouUITests.m */,
				84D5080D1C270D030073F025 /* Info.plist */,
			);
			path = Wedding4YouUITests;
			sourceTree = "<group>";
		};
/* End PBXGroup section */

/* Begin PBXNativeTarget section */
		84D507E21C270D020073F025 /* Wedding4You */ = {
			isa = PBXNativeTarget;
			buildConfigurationList = 84D508101C270D030073F025 /* Build configuration list for PBXNativeTarget "Wedding4You" */;
			buildPhases = (
				84D507DF1C270D020073F025 /* Sources */,
				84D507E01C270D020073F025 /* Frameworks */,
				84D507E11C270D020073F025 /* Resources */,
			);
			buildRules = (
			);
			dependencies = (
			);
			name = Wedding4You;
			productName = Wedding4You;
			productReference = 84D507E31C270D020073F025 /* Wedding4You.app */;
			productType = "com.apple.product-type.application";
		};
		84D507FB1C270D030073F025 /* Wedding4YouTests */ = {
			isa = PBXNativeTarget;
			buildConfigurationList = 84D508131C270D030073F025 /* Build configuration list for PBXNativeTarget "Wedding4YouTests" */;
			buildPhases = (
				84D507F81C270D030073F025 /* Sources */,
				84D507F91C270D030073F025 /* Frameworks */,
				84D507FA1C270D030073F025 /* Resources */,
			);
			buildRules = (
			);
			dependencies = (
				84D507FE1C270D030073F025 /* PBXTargetDependency */,
			);
			name = Wedding4YouTests;
			productName = Wedding4YouTests;
			productReference = 84D507FC1C270D030073F025 /* Wedding4YouTests.xctest */;
			productType = "com.apple.product-type.bundle.unit-test";
		};
		84D508061C270D030073F025 /* Wedding4YouUITests */ = {
			isa = PBXNativeTarget;
			buildConfigurationList = 84D508161C270D030073F025 /* Build configuration list for PBXNativeTarget "Wedding4YouUITests" */;
			buildPhases = (
				84D508031C270D030073F025 /* Sources */,
				84D508041C270D030073F025 /* Frameworks */,
				84D508051C270D030073F025 /* Resources */,
			);
			buildRules = (
			);
			dependencies = (
				84D508091C270D030073F025 /* PBXTargetDependency */,
			);
			name = Wedding4YouUITests;
			productName = Wedding4YouUITests;
			productReference = 84D508071C270D030073F025 /* Wedding4YouUITests.xctest */;
			productType = "com.apple.product-type.bundle.ui-testing";
		};
/* End PBXNativeTarget section */

/* Begin PBXProject section */
		84D507DB1C270D020073F025 /* Project object */ = {
			isa = PBXProject;
			attributes = {
				LastUpgradeCheck = 0710;
				ORGANIZATIONNAME = Faigenzon;
				TargetAttributes = {
					84D507E21C270D020073F025 = {
						CreatedOnToolsVersion = 7.1;
						DevelopmentTeam = AMAAGDV9F9;
					};
					84D507FB1C270D030073F025 = {
						CreatedOnToolsVersion = 7.1;
						TestTargetID = 84D507E21C270D020073F025;
					};
					84D508061C270D030073F025 = {
						CreatedOnToolsVersion = 7.1;
						TestTargetID = 84D507E21C270D020073F025;
					};
				};
			};
			buildConfigurationList = 84D507DE1C270D020073F025 /* Build configuration list for PBXProject "Wedding4You" */;
			compatibilityVersion = "Xcode 3.2";
			developmentRegion = English;
			hasScannedForEncodings = 0;
			knownRegions = (
				en,
				Base,
			);
			mainGroup = 84D507DA1C270D020073F025;
			productRefGroup = 84D507E41C270D020073F025 /* Products */;
			projectDirPath = "";
			projectRoot = "";
			targets = (
				84D507E21C270D020073F025 /* Wedding4You */,
				84D507FB1C270D030073F025 /* Wedding4YouTests */,
				84D508061C270D030073F025 /* Wedding4YouUITests */,
			);
		};
/* End PBXProject section */

/* Begin PBXResourcesBuildPhase section */
		84D507E11C270D020073F025 /* Resources */ = {
			isa = PBXResourcesBuildPhase;
			buildActionMask = 2147483647;
			files = (
				7BE7E2011C4C4DA50087A003 /* k2.jpg in Resources */,
				8437EC3A1C3B169E001B244F /* ashton.jpeg in Resources */,
				7BE7E2001C4C4DA50087A003 /* k1.jpg in Resources */,
				7BE7E1F91C4C3F770087A003 /* Main2.storyboard in Resources */,
				845258481C4E9F93008BAF03 /* Background.jpg in Resources */,
				7B02FA1D1C4970700087B8F0 /* wedding3.jpeg in Resources */,
				7BE7E2051C4C4DA50087A003 /* r4.jpeg in Resources */,
				845258431C4E3AE9008BAF03 /* Main.storyboard in Resources */,
				7B02FA1F1C4970700087B8F0 /* wedding2.jpeg in Resources */,
				7B02FA1C1C4970700087B8F0 /* wedding4.jpg in Resources */,
				84D507F61C270D020073F025 /* LaunchScreen.storyboard in Resources */,
				84D507F31C270D020073F025 /* Assets.xcassets in Resources */,
				7BE7E2021C4C4DA50087A003 /* r1.jpg in Resources */,
				7B02FA111C495E630087B8F0 /* no_photo.jpg in Resources */,
				7BE7E2031C4C4DA50087A003 /* r2.jpeg in Resources */,
				7B02FA1E1C4970700087B8F0 /* wedding.jpg in Resources */,
			);
			runOnlyForDeploymentPostprocessing = 0;
		};
		84D507FA1C270D030073F025 /* Resources */ = {
			isa = PBXResourcesBuildPhase;
			buildActionMask = 2147483647;
			files = (
			);
			runOnlyForDeploymentPostprocessing = 0;
		};
		84D508051C270D030073F025 /* Resources */ = {
			isa = PBXResourcesBuildPhase;
			buildActionMask = 2147483647;
			files = (
			);
			runOnlyForDeploymentPostprocessing = 0;
		};
/* End PBXResourcesBuildPhase section */

/* Begin PBXSourcesBuildPhase section */
		84D507DF1C270D020073F025 /* Sources */ = {
			isa = PBXSourcesBuildPhase;
			buildActionMask = 2147483647;
			files = (
				7BE7E1F01C4C3E880087A003 /* PhotoCollectionViewCell .m in Sources */,
				7B357E381C45330700A452FF /* WeddingSql.m in Sources */,
				7B357E411C45333900A452FF /* PhotoSql.m in Sources */,
				7B8F0CFF1C381FF200D29D76 /* Comment.m in Sources */,
				7B02FA171C4965930087B8F0 /* Model.m in Sources */,
				7B8F0D2C1C383A8C00D29D76 /* CommentModel.m in Sources */,
				84D507EE1C270D020073F025 /* ViewController.m in Sources */,
				7BE7E1EC1C4C3E880087A003 /* GreetingsTableViewController.m in Sources */,
				7B02FA091C492B950087B8F0 /* WeddingTableViewCell.m in Sources */,
				7B02FA141C4963750087B8F0 /* Utilities.m in Sources */,
				7B8F0D081C3821C000D29D76 /* LoginParse.m in Sources */,
				7B02FA061C49231A0087B8F0 /* WeddingTableViewController.m in Sources */,
				7B8F0D111C382A9800D29D76 /* LoginModel.m in Sources */,
				7B8F0D1A1C38397300D29D76 /* PhotoParse.m in Sources */,
				7BE7E1EA1C4C3E880087A003 /* CommentViewController.m in Sources */,
				7BE7E1EF1C4C3E880087A003 /* NewPhotoViewController.m in Sources */,
				84D507EB1C270D020073F025 /* AppDelegate.m in Sources */,
				7BE7E1EE1C4C3E880087A003 /* GreetingViewController.m in Sources */,
				7B8F0D171C38394200D29D76 /* WeddingParse.m in Sources */,
				7B02FA0C1C493C860087B8F0 /* DetailWeddingViewController.m in Sources */,
				7B8F0D2F1C385D2900D29D76 /* User.m in Sources */,
				7B357E4A1C453F6C00A452FF /* LastUpdateSql.m in Sources */,
				7B357E441C45335E00A452FF /* ModelSql.m in Sources */,
				7BE7E1E81C4C3E880087A003 /* CommentsTableViewController.m in Sources */,
				7BE7E1F21C4C3E880087A003 /* PhotoViewController.m in Sources */,
				7BE7E1E91C4C3E880087A003 /* CommentTableViewCell.m in Sources */,
				7B8F0D201C38399500D29D76 /* CommentParse.m in Sources */,
				8403E0551C4D8C9D00209EFB /* UserPhoto.m in Sources */,
				7BE7E1F11C4C3E880087A003 /* PhotosCollectionViewController.m in Sources */,
				7B8F0D0B1C38230900D29D76 /* LoginViewController.m in Sources */,
				7B8F0D321C3860B800D29D76 /* RegisterViewController.m in Sources */,
				7B357E4D1C458AE000A452FF /* UserSql.m in Sources */,
				7BE7E1ED1C4C3E880087A003 /* GreetingTableViewCell.m in Sources */,
				7B8F0D051C38214300D29D76 /* ModelParse.m in Sources */,
				7B8F0D141C3830AD00D29D76 /* MainViewController.m in Sources */,
				7B8F0CF61C381F9800D29D76 /* Wedding.m in Sources */,
				7B8F0D291C383A7700D29D76 /* GreetingModel.m in Sources */,
				7B8F0D261C383A6E00D29D76 /* PhotoModel.m in Sources */,
				7B8F0D1D1C38398700D29D76 /* GreetingParse.m in Sources */,
				7B8F0D231C383A4000D29D76 /* WeddingModel.m in Sources */,
				7B8F0CF91C381FC800D29D76 /* Greeting.m in Sources */,
				7B357E3E1C45332A00A452FF /* CommentSql.m in Sources */,
				7BE7E1EB1C4C3E880087A003 /* GreetingDetailViewController.m in Sources */,
				7B357E3B1C45332100A452FF /* GreetingSql.m in Sources */,
				7B8F0CFC1C381FDD00D29D76 /* Photo.m in Sources */,
				84D507E81C270D020073F025 /* main.m in Sources */,
			);
			runOnlyForDeploymentPostprocessing = 0;
		};
		84D507F81C270D030073F025 /* Sources */ = {
			isa = PBXSourcesBuildPhase;
			buildActionMask = 2147483647;
			files = (
				84D508011C270D030073F025 /* Wedding4YouTests.m in Sources */,
			);
			runOnlyForDeploymentPostprocessing = 0;
		};
		84D508031C270D030073F025 /* Sources */ = {
			isa = PBXSourcesBuildPhase;
			buildActionMask = 2147483647;
			files = (
				84D5080C1C270D030073F025 /* Wedding4YouUITests.m in Sources */,
			);
			runOnlyForDeploymentPostprocessing = 0;
		};
/* End PBXSourcesBuildPhase section */

/* Begin PBXTargetDependency section */
		84D507FE1C270D030073F025 /* PBXTargetDependency */ = {
			isa = PBXTargetDependency;
			target = 84D507E21C270D020073F025 /* Wedding4You */;
			targetProxy = 84D507FD1C270D030073F025 /* PBXContainerItemProxy */;
		};
		84D508091C270D030073F025 /* PBXTargetDependency */ = {
			isa = PBXTargetDependency;
			target = 84D507E21C270D020073F025 /* Wedding4You */;
			targetProxy = 84D508081C270D030073F025 /* PBXContainerItemProxy */;
		};
/* End PBXTargetDependency section */

/* Begin PBXVariantGroup section */
		84D507F41C270D020073F025 /* LaunchScreen.storyboard */ = {
			isa = PBXVariantGroup;
			children = (
				84D507F51C270D020073F025 /* Base */,
			);
			name = LaunchScreen.storyboard;
			sourceTree = "<group>";
		};
/* End PBXVariantGroup section */

/* Begin XCBuildConfiguration section */
		84D5080E1C270D030073F025 /* Debug */ = {
			isa = XCBuildConfiguration;
			buildSettings = {
				ALWAYS_SEARCH_USER_PATHS = NO;
				CLANG_CXX_LANGUAGE_STANDARD = "gnu++0x";
				CLANG_CXX_LIBRARY = "libc++";
				CLANG_ENABLE_MODULES = YES;
				CLANG_ENABLE_OBJC_ARC = YES;
				CLANG_WARN_BOOL_CONVERSION = YES;
				CLANG_WARN_CONSTANT_CONVERSION = YES;
				CLANG_WARN_DIRECT_OBJC_ISA_USAGE = YES_ERROR;
				CLANG_WARN_EMPTY_BODY = YES;
				CLANG_WARN_ENUM_CONVERSION = YES;
				CLANG_WARN_INT_CONVERSION = YES;
				CLANG_WARN_OBJC_ROOT_CLASS = YES_ERROR;
				CLANG_WARN_UNREACHABLE_CODE = YES;
				CLANG_WARN__DUPLICATE_METHOD_MATCH = YES;
				"CODE_SIGN_IDENTITY[sdk=iphoneos*]" = "iPhone Developer";
				COPY_PHASE_STRIP = NO;
				DEBUG_INFORMATION_FORMAT = dwarf;
				ENABLE_STRICT_OBJC_MSGSEND = YES;
				ENABLE_TESTABILITY = YES;
				GCC_C_LANGUAGE_STANDARD = gnu99;
				GCC_DYNAMIC_NO_PIC = NO;
				GCC_NO_COMMON_BLOCKS = YES;
				GCC_OPTIMIZATION_LEVEL = 0;
				GCC_PREPROCESSOR_DEFINITIONS = (
					"DEBUG=1",
					"$(inherited)",
				);
				GCC_WARN_64_TO_32_BIT_CONVERSION = YES;
				GCC_WARN_ABOUT_RETURN_TYPE = YES_ERROR;
				GCC_WARN_UNDECLARED_SELECTOR = YES;
				GCC_WARN_UNINITIALIZED_AUTOS = YES_AGGRESSIVE;
				GCC_WARN_UNUSED_FUNCTION = YES;
				GCC_WARN_UNUSED_VARIABLE = YES;
				IPHONEOS_DEPLOYMENT_TARGET = 9.1;
				MTL_ENABLE_DEBUG_INFO = YES;
				ONLY_ACTIVE_ARCH = YES;
				SDKROOT = iphoneos;
				TARGETED_DEVICE_FAMILY = "1,2";
			};
			name = Debug;
		};
		84D5080F1C270D030073F025 /* Release */ = {
			isa = XCBuildConfiguration;
			buildSettings = {
				ALWAYS_SEARCH_USER_PATHS = NO;
				CLANG_CXX_LANGUAGE_STANDARD = "gnu++0x";
				CLANG_CXX_LIBRARY = "libc++";
				CLANG_ENABLE_MODULES = YES;
				CLANG_ENABLE_OBJC_ARC = YES;
				CLANG_WARN_BOOL_CONVERSION = YES;
				CLANG_WARN_CONSTANT_CONVERSION = YES;
				CLANG_WARN_DIRECT_OBJC_ISA_USAGE = YES_ERROR;
				CLANG_WARN_EMPTY_BODY = YES;
				CLANG_WARN_ENUM_CONVERSION = YES;
				CLANG_WARN_INT_CONVERSION = YES;
				CLANG_WARN_OBJC_ROOT_CLASS = YES_ERROR;
				CLANG_WARN_UNREACHABLE_CODE = YES;
				CLANG_WARN__DUPLICATE_METHOD_MATCH = YES;
				"CODE_SIGN_IDENTITY[sdk=iphoneos*]" = "iPhone Developer";
				COPY_PHASE_STRIP = NO;
				DEBUG_INFORMATION_FORMAT = "dwarf-with-dsym";
				ENABLE_NS_ASSERTIONS = NO;
				ENABLE_STRICT_OBJC_MSGSEND = YES;
				GCC_C_LANGUAGE_STANDARD = gnu99;
				GCC_NO_COMMON_BLOCKS = YES;
				GCC_WARN_64_TO_32_BIT_CONVERSION = YES;
				GCC_WARN_ABOUT_RETURN_TYPE = YES_ERROR;
				GCC_WARN_UNDECLARED_SELECTOR = YES;
				GCC_WARN_UNINITIALIZED_AUTOS = YES_AGGRESSIVE;
				GCC_WARN_UNUSED_FUNCTION = YES;
				GCC_WARN_UNUSED_VARIABLE = YES;
				IPHONEOS_DEPLOYMENT_TARGET = 9.1;
				MTL_ENABLE_DEBUG_INFO = NO;
				SDKROOT = iphoneos;
				TARGETED_DEVICE_FAMILY = "1,2";
				VALIDATE_PRODUCT = YES;
			};
			name = Release;
		};
		84D508111C270D030073F025 /* Debug */ = {
			isa = XCBuildConfiguration;
			buildSettings = {
				ASSETCATALOG_COMPILER_APPICON_NAME = AppIcon;
				CODE_SIGN_IDENTITY = "iPhone Developer";
				"CODE_SIGN_IDENTITY[sdk=iphoneos*]" = "iPhone Developer";
				FRAMEWORK_SEARCH_PATHS = (
					"$(inherited)",
					"$(PROJECT_DIR)/Wedding4You",
					"$(PROJECT_DIR)",
				);
				INFOPLIST_FILE = Wedding4You/Info.plist;
				LD_RUNPATH_SEARCH_PATHS = "$(inherited) @executable_path/Frameworks";
				PRODUCT_BUNDLE_IDENTIFIER = Lior.Wedding4You;
				PRODUCT_NAME = "$(TARGET_NAME)";
				PROVISIONING_PROFILE = "";
			};
			name = Debug;
		};
		84D508121C270D030073F025 /* Release */ = {
			isa = XCBuildConfiguration;
			buildSettings = {
				ASSETCATALOG_COMPILER_APPICON_NAME = AppIcon;
				CODE_SIGN_IDENTITY = "iPhone Developer";
				"CODE_SIGN_IDENTITY[sdk=iphoneos*]" = "iPhone Developer";
				FRAMEWORK_SEARCH_PATHS = (
					"$(inherited)",
					"$(PROJECT_DIR)/Wedding4You",
					"$(PROJECT_DIR)",
				);
				INFOPLIST_FILE = Wedding4You/Info.plist;
				LD_RUNPATH_SEARCH_PATHS = "$(inherited) @executable_path/Frameworks";
				PRODUCT_BUNDLE_IDENTIFIER = Lior.Wedding4You;
				PRODUCT_NAME = "$(TARGET_NAME)";
				PROVISIONING_PROFILE = "";
			};
			name = Release;
		};
		84D508141C270D030073F025 /* Debug */ = {
			isa = XCBuildConfiguration;
			buildSettings = {
				BUNDLE_LOADER = "$(TEST_HOST)";
				INFOPLIST_FILE = Wedding4YouTests/Info.plist;
				LD_RUNPATH_SEARCH_PATHS = "$(inherited) @executable_path/Frameworks @loader_path/Frameworks";
				PRODUCT_BUNDLE_IDENTIFIER = Lior.Wedding4YouTests;
				PRODUCT_NAME = "$(TARGET_NAME)";
				TEST_HOST = "$(BUILT_PRODUCTS_DIR)/Wedding4You.app/Wedding4You";
			};
			name = Debug;
		};
		84D508151C270D030073F025 /* Release */ = {
			isa = XCBuildConfiguration;
			buildSettings = {
				BUNDLE_LOADER = "$(TEST_HOST)";
				INFOPLIST_FILE = Wedding4YouTests/Info.plist;
				LD_RUNPATH_SEARCH_PATHS = "$(inherited) @executable_path/Frameworks @loader_path/Frameworks";
				PRODUCT_BUNDLE_IDENTIFIER = Lior.Wedding4YouTests;
				PRODUCT_NAME = "$(TARGET_NAME)";
				TEST_HOST = "$(BUILT_PRODUCTS_DIR)/Wedding4You.app/Wedding4You";
			};
			name = Release;
		};
		84D508171C270D030073F025 /* Debug */ = {
			isa = XCBuildConfiguration;
			buildSettings = {
				INFOPLIST_FILE = Wedding4YouUITests/Info.plist;
				LD_RUNPATH_SEARCH_PATHS = "$(inherited) @executable_path/Frameworks @loader_path/Frameworks";
				PRODUCT_BUNDLE_IDENTIFIER = Lior.Wedding4YouUITests;
				PRODUCT_NAME = "$(TARGET_NAME)";
				TEST_TARGET_NAME = Wedding4You;
				USES_XCTRUNNER = YES;
			};
			name = Debug;
		};
		84D508181C270D030073F025 /* Release */ = {
			isa = XCBuildConfiguration;
			buildSettings = {
				INFOPLIST_FILE = Wedding4YouUITests/Info.plist;
				LD_RUNPATH_SEARCH_PATHS = "$(inherited) @executable_path/Frameworks @loader_path/Frameworks";
				PRODUCT_BUNDLE_IDENTIFIER = Lior.Wedding4YouUITests;
				PRODUCT_NAME = "$(TARGET_NAME)";
				TEST_TARGET_NAME = Wedding4You;
				USES_XCTRUNNER = YES;
			};
			name = Release;
		};
/* End XCBuildConfiguration section */

/* Begin XCConfigurationList section */
		84D507DE1C270D020073F025 /* Build configuration list for PBXProject "Wedding4You" */ = {
			isa = XCConfigurationList;
			buildConfigurations = (
				84D5080E1C270D030073F025 /* Debug */,
				84D5080F1C270D030073F025 /* Release */,
			);
			defaultConfigurationIsVisible = 0;
			defaultConfigurationName = Release;
		};
		84D508101C270D030073F025 /* Build configuration list for PBXNativeTarget "Wedding4You" */ = {
			isa = XCConfigurationList;
			buildConfigurations = (
				84D508111C270D030073F025 /* Debug */,
				84D508121C270D030073F025 /* Release */,
			);
			defaultConfigurationIsVisible = 0;
			defaultConfigurationName = Release;
		};
		84D508131C270D030073F025 /* Build configuration list for PBXNativeTarget "Wedding4YouTests" */ = {
			isa = XCConfigurationList;
			buildConfigurations = (
				84D508141C270D030073F025 /* Debug */,
				84D508151C270D030073F025 /* Release */,
			);
			defaultConfigurationIsVisible = 0;
			defaultConfigurationName = Release;
		};
		84D508161C270D030073F025 /* Build configuration list for PBXNativeTarget "Wedding4YouUITests" */ = {
			isa = XCConfigurationList;
			buildConfigurations = (
				84D508171C270D030073F025 /* Debug */,
				84D508181C270D030073F025 /* Release */,
			);
			defaultConfigurationIsVisible = 0;
			defaultConfigurationName = Release;
		};
/* End XCConfigurationList section */
	};
	rootObject = 84D507DB1C270D020073F025 /* Project object */;
}
